// !$*UTF8*$!
{
	archiveVersion = 1;
	classes = {
	};
	objectVersion = 46;
	objects = {

/* Begin PBXBuildFile section */
		3FA842FE1CB2374A00C36FAB /* main.m in Sources */ = {isa = PBXBuildFile; fileRef = 3FA842FD1CB2374A00C36FAB /* main.m */; };
		3FA843011CB2374A00C36FAB /* AppDelegate.m in Sources */ = {isa = PBXBuildFile; fileRef = 3FA843001CB2374A00C36FAB /* AppDelegate.m */; };
		3FA843041CB2374A00C36FAB /* RootViewController.m in Sources */ = {isa = PBXBuildFile; fileRef = 3FA843031CB2374A00C36FAB /* RootViewController.m */; };
		3FA843071CB2374A00C36FAB /* Main.storyboard in Resources */ = {isa = PBXBuildFile; fileRef = 3FA843051CB2374A00C36FAB /* Main.storyboard */; };
		3FA843091CB2374A00C36FAB /* Assets.xcassets in Resources */ = {isa = PBXBuildFile; fileRef = 3FA843081CB2374A00C36FAB /* Assets.xcassets */; };
		3FA8430C1CB2374A00C36FAB /* LaunchScreen.storyboard in Resources */ = {isa = PBXBuildFile; fileRef = 3FA8430A1CB2374A00C36FAB /* LaunchScreen.storyboard */; };
		3FA843151CB2570400C36FAB /* Contact.m in Sources */ = {isa = PBXBuildFile; fileRef = 3FA843141CB2570400C36FAB /* Contact.m */; };
/* End PBXBuildFile section */

/* Begin PBXFileReference section */
		3FA842F91CB2374A00C36FAB /* SpecialContacts.app */ = {isa = PBXFileReference; explicitFileType = wrapper.application; includeInIndex = 0; path = SpecialContacts.app; sourceTree = BUILT_PRODUCTS_DIR; };
		3FA842FD1CB2374A00C36FAB /* main.m */ = {isa = PBXFileReference; lastKnownFileType = sourcecode.c.objc; path = main.m; sourceTree = "<group>"; };
		3FA842FF1CB2374A00C36FAB /* AppDelegate.h */ = {isa = PBXFileReference; lastKnownFileType = sourcecode.c.h; path = AppDelegate.h; sourceTree = "<group>"; };
		3FA843001CB2374A00C36FAB /* AppDelegate.m */ = {isa = PBXFileReference; lastKnownFileType = sourcecode.c.objc; path = AppDelegate.m; sourceTree = "<group>"; };
		3FA843021CB2374A00C36FAB /* RootViewController.h */ = {isa = PBXFileReference; lastKnownFileType = sourcecode.c.h; path = RootViewController.h; sourceTree = "<group>"; };
		3FA843031CB2374A00C36FAB /* RootViewController.m */ = {isa = PBXFileReference; lastKnownFileType = sourcecode.c.objc; path = RootViewController.m; sourceTree = "<group>"; };
		3FA843061CB2374A00C36FAB /* Base */ = {isa = PBXFileReference; lastKnownFileType = file.storyboard; name = Base; path = Base.lproj/Main.storyboard; sourceTree = "<group>"; };
		3FA843081CB2374A00C36FAB /* Assets.xcassets */ = {isa = PBXFileReference; lastKnownFileType = folder.assetcatalog; path = Assets.xcassets; sourceTree = "<group>"; };
		3FA8430B1CB2374A00C36FAB /* Base */ = {isa = PBXFileReference; lastKnownFileType = file.storyboard; name = Base; path = Base.lproj/LaunchScreen.storyboard; sourceTree = "<group>"; };
		3FA8430D1CB2374A00C36FAB /* Info.plist */ = {isa = PBXFileReference; lastKnownFileType = text.plist.xml; path = Info.plist; sourceTree = "<group>"; };
		3FA843131CB2570400C36FAB /* Contact.h */ = {isa = PBXFileReference; fileEncoding = 4; lastKnownFileType = sourcecode.c.h; path = Contact.h; sourceTree = "<group>"; };
		3FA843141CB2570400C36FAB /* Contact.m */ = {isa = PBXFileReference; fileEncoding = 4; lastKnownFileType = sourcecode.c.objc; path = Contact.m; sourceTree = "<group>"; };
/* End PBXFileReference section */

/* Begin PBXFrameworksBuildPhase section */
		3FA842F61CB2374A00C36FAB /* Frameworks */ = {
			isa = PBXFrameworksBuildPhase;
			buildActionMask = 2147483647;
			files = (
			);
			runOnlyForDeploymentPostprocessing = 0;
		};
/* End PBXFrameworksBuildPhase section */

/* Begin PBXGroup section */
		3FA842F01CB2374A00C36FAB = {
			isa = PBXGroup;
			children = (
				3FA842FB1CB2374A00C36FAB /* SpecialContacts */,
				3FA842FA1CB2374A00C36FAB /* Products */,
			);
			sourceTree = "<group>";
		};
		3FA842FA1CB2374A00C36FAB /* Products */ = {
			isa = PBXGroup;
			children = (
				3FA842F91CB2374A00C36FAB /* SpecialContacts.app */,
			);
			name = Products;
			sourceTree = "<group>";
		};
		3FA842FB1CB2374A00C36FAB /* SpecialContacts */ = {
			isa = PBXGroup;
			children = (
				3FA842FF1CB2374A00C36FAB /* AppDelegate.h */,
				3FA843001CB2374A00C36FAB /* AppDelegate.m */,
				3FA843021CB2374A00C36FAB /* RootViewController.h */,
				3FA843031CB2374A00C36FAB /* RootViewController.m */,
				3FA843051CB2374A00C36FAB /* Main.storyboard */,
				3FA843131CB2570400C36FAB /* Contact.h */,
				3FA843141CB2570400C36FAB /* Contact.m */,
				3FA843081CB2374A00C36FAB /* Assets.xcassets */,
				3FA8430A1CB2374A00C36FAB /* LaunchScreen.storyboard */,
				3FA8430D1CB2374A00C36FAB /* Info.plist */,
				3FA842FC1CB2374A00C36FAB /* Supporting Files */,
			);
			path = SpecialContacts;
			sourceTree = "<group>";
		};
		3FA842FC1CB2374A00C36FAB /* Supporting Files */ = {
			isa = PBXGroup;
			children = (
				3FA842FD1CB2374A00C36FAB /* main.m */,
			);
			name = "Supporting Files";
			sourceTree = "<group>";
		};
/* End PBXGroup section */

/* Begin PBXNativeTarget section */
		3FA842F81CB2374A00C36FAB /* SpecialContacts */ = {
			isa = PBXNativeTarget;
			buildConfigurationList = 3FA843101CB2374A00C36FAB /* Build configuration list for PBXNativeTarget "SpecialContacts" */;
			buildPhases = (
				3FA842F51CB2374A00C36FAB /* Sources */,
				3FA842F61CB2374A00C36FAB /* Frameworks */,
				3FA842F71CB2374A00C36FAB /* Resources */,
			);
			buildRules = (
			);
			dependencies = (
			);
			name = SpecialContacts;
			productName = SpecialContacts;
			productReference = 3FA842F91CB2374A00C36FAB /* SpecialContacts.app */;
			productType = "com.apple.product-type.application";
		};
/* End PBXNativeTarget section */

/* Begin PBXProject section */
		3FA842F11CB2374A00C36FAB /* Project object */ = {
			isa = PBXProject;
			attributes = {
				LastUpgradeCheck = 0730;
				ORGANIZATIONNAME = "Jeremy Ong";
				TargetAttributes = {
					3FA842F81CB2374A00C36FAB = {
						CreatedOnToolsVersion = 7.3;
					};
				};
			};
			buildConfigurationList = 3FA842F41CB2374A00C36FAB /* Build configuration list for PBXProject "SpecialContacts" */;
			compatibilityVersion = "Xcode 3.2";
			developmentRegion = English;
			hasScannedForEncodings = 0;
			knownRegions = (
				en,
				Base,
			);
			mainGroup = 3FA842F01CB2374A00C36FAB;
			productRefGroup = 3FA842FA1CB2374A00C36FAB /* Products */;
			projectDirPath = "";
			projectRoot = "";
			targets = (
				3FA842F81CB2374A00C36FAB /* SpecialContacts */,
			);
		};
/* End PBXProject section */

/* Begin PBXResourcesBuildPhase section */
		3FA842F71CB2374A00C36FAB /* Resources */ = {
			isa = PBXResourcesBuildPhase;
			buildActionMask = 2147483647;
			files = (
				3FA8430C1CB2374A00C36FAB /* LaunchScreen.storyboard in Resources */,
				3FA843091CB2374A00C36FAB /* Assets.xcassets in Resources */,
				3FA843071CB2374A00C36FAB /* Main.storyboard in Resources */,
			);
			runOnlyForDeploymentPostprocessing = 0;
		};
/* End PBXResourcesBuildPhase section */

/* Begin PBXSourcesBuildPhase section */
		3FA842F51CB2374A00C36FAB /* Sources */ = {
			isa = PBXSourcesBuildPhase;
			buildActionMask = 2147483647;
			files = (
				3FA843151CB2570400C36FAB /* Contact.m in Sources */,
				3FA843041CB2374A00C36FAB /* RootViewController.m in Sources */,
				3FA843011CB2374A00C36FAB /* AppDelegate.m in Sources */,
				3FA842FE1CB2374A00C36FAB /* main.m in Sources */,
			);
			runOnlyForDeploymentPostprocessing = 0;
		};
/* End PBXSourcesBuildPhase section */

/* Begin PBXVariantGroup section */
		3FA843051CB2374A00C36FAB /* Main.storyboard */ = {
			isa = PBXVariantGroup;
			children = (
				3FA843061CB2374A00C36FAB /* Base */,
			);
			name = Main.storyboard;
			sourceTree = "<group>";
		};
		3FA8430A1CB2374A00C36FAB /* LaunchScreen.storyboard */ = {
			isa = PBXVariantGroup;
			children = (
				3FA8430B1CB2374A00C36FAB /* Base */,
			);
			name = LaunchScreen.storyboard;
			sourceTree = "<group>";
		};
/* End PBXVariantGroup section */

/* Begin XCBuildConfiguration section */
		3FA8430E1CB2374A00C36FAB /* Debug */ = {
			isa = XCBuildConfiguration;
			buildSettings = {
				ALWAYS_SEARCH_USER_PATHS = NO;
				CLANG_ANALYZER_NONNULL = YES;
				CLANG_CXX_LANGUAGE_STANDARD = "gnu++0x";
				CLANG_CXX_LIBRARY = "libc++";
				CLANG_ENABLE_MODULES = YES;
				CLANG_ENABLE_OBJC_ARC = YES;
				CLANG_WARN_BOOL_CONVERSION = YES;
				CLANG_WARN_CONSTANT_CONVERSION = YES;
				CLANG_WARN_DIRECT_OBJC_ISA_USAGE = YES_ERROR;
				CLANG_WARN_EMPTY_BODY = YES;
				CLANG_WARN_ENUM_CONVERSION = YES;
				CLANG_WARN_INT_CONVERSION = YES;
				CLANG_WARN_OBJC_ROOT_CLASS = YES_ERROR;
				CLANG_WARN_UNREACHABLE_CODE = YES;
				CLANG_WARN__DUPLICATE_METHOD_MATCH = YES;
				"CODE_SIGN_IDENTITY[sdk=iphoneos*]" = "iPhone Developer";
				COPY_PHASE_STRIP = NO;
				DEBUG_INFORMATION_FORMAT = dwarf;
				ENABLE_STRICT_OBJC_MSGSEND = YES;
				ENABLE_TESTABILITY = YES;
				GCC_C_LANGUAGE_STANDARD = gnu99;
				GCC_DYNAMIC_NO_PIC = NO;
				GCC_NO_COMMON_BLOCKS = YES;
				GCC_OPTIMIZATION_LEVEL = 0;
				GCC_PREPROCESSOR_DEFINITIONS = (
					"DEBUG=1",
					"$(inherited)",
				);
				GCC_WARN_64_TO_32_BIT_CONVERSION = YES;
				GCC_WARN_ABOUT_RETURN_TYPE = YES_ERROR;
				GCC_WARN_UNDECLARED_SELECTOR = YES;
				GCC_WARN_UNINITIALIZED_AUTOS = YES_AGGRESSIVE;
				GCC_WARN_UNUSED_FUNCTION = YES;
				GCC_WARN_UNUSED_VARIABLE = YES;
				IPHONEOS_DEPLOYMENT_TARGET = 9.3;
				MTL_ENABLE_DEBUG_INFO = YES;
				ONLY_ACTIVE_ARCH = YES;
				SDKROOT = iphoneos;
				TARGETED_DEVICE_FAMILY = "1,2";
			};
			name = Debug;
		};
		3FA8430F1CB2374A00C36FAB /* Release */ = {
			isa = XCBuildConfiguration;
			buildSettings = {
				ALWAYS_SEARCH_USER_PATHS = NO;
				CLANG_ANALYZER_NONNULL = YES;
				CLANG_CXX_LANGUAGE_STANDARD = "gnu++0x";
				CLANG_CXX_LIBRARY = "libc++";
				CLANG_ENABLE_MODULES = YES;
				CLANG_ENABLE_OBJC_ARC = YES;
				CLANG_WARN_BOOL_CONVERSION = YES;
				CLANG_WARN_CONSTANT_CONVERSION = YES;
				CLANG_WARN_DIRECT_OBJC_ISA_USAGE = YES_ERROR;
				CLANG_WARN_EMPTY_BODY = YES;
				CLANG_WARN_ENUM_CONVERSION = YES;
				CLANG_WARN_INT_CONVERSION = YES;
				CLANG_WARN_OBJC_ROOT_CLASS = YES_ERROR;
				CLANG_WARN_UNREACHABLE_CODE = YES;
				CLANG_WARN__DUPLICATE_METHOD_MATCH = YES;
				"CODE_SIGN_IDENTITY[sdk=iphoneos*]" = "iPhone Developer";
				COPY_PHASE_STRIP = NO;
				DEBUG_INFORMATION_FORMAT = "dwarf-with-dsym";
				ENABLE_NS_ASSERTIONS = NO;
				ENABLE_STRICT_OBJC_MSGSEND = YES;
				GCC_C_LANGUAGE_STANDARD = gnu99;
				GCC_NO_COMMON_BLOCKS = YES;
				GCC_WARN_64_TO_32_BIT_CONVERSION = YES;
				GCC_WARN_ABOUT_RETURN_TYPE = YES_ERROR;
				GCC_WARN_UNDECLARED_SELECTOR = YES;
				GCC_WARN_UNINITIALIZED_AUTOS = YES_AGGRESSIVE;
				GCC_WARN_UNUSED_FUNCTION = YES;
				GCC_WARN_UNUSED_VARIABLE = YES;
				IPHONEOS_DEPLOYMENT_TARGET = 9.3;
				MTL_ENABLE_DEBUG_INFO = NO;
				SDKROOT = iphoneos;
				TARGETED_DEVICE_FAMILY = "1,2";
				VALIDATE_PRODUCT = YES;
			};
			name = Release;
		};
		3FA843111CB2374A00C36FAB /* Debug */ = {
			isa = XCBuildConfiguration;
			buildSettings = {
				ASSETCATALOG_COMPILER_APPICON_NAME = AppIcon;
				INFOPLIST_FILE = SpecialContacts/Info.plist;
				LD_RUNPATH_SEARCH_PATHS = "$(inherited) @executable_path/Frameworks";
				PRODUCT_BUNDLE_IDENTIFIER = "com.jeremy-ong.SpecialContacts";
				PRODUCT_NAME = "$(TARGET_NAME)";
			};
			name = Debug;
		};
		3FA843121CB2374A00C36FAB /* Release */ = {
			isa = XCBuildConfiguration;
			buildSettings = {
				ASSETCATALOG_COMPILER_APPICON_NAME = AppIcon;
				INFOPLIST_FILE = SpecialContacts/Info.plist;
				LD_RUNPATH_SEARCH_PATHS = "$(inherited) @executable_path/Frameworks";
				PRODUCT_BUNDLE_IDENTIFIER = "com.jeremy-ong.SpecialContacts";
				PRODUCT_NAME = "$(TARGET_NAME)";
			};
			name = Release;
		};
/* End XCBuildConfiguration section */

/* Begin XCConfigurationList section */
		3FA842F41CB2374A00C36FAB /* Build configuration list for PBXProject "SpecialContacts" */ = {
			isa = XCConfigurationList;
			buildConfigurations = (
				3FA8430E1CB2374A00C36FAB /* Debug */,
				3FA8430F1CB2374A00C36FAB /* Release */,
			);
			defaultConfigurationIsVisible = 0;
			defaultConfigurationName = Release;
		};
		3FA843101CB2374A00C36FAB /* Build configuration list for PBXNativeTarget "SpecialContacts" */ = {
			isa = XCConfigurationList;
			buildConfigurations = (
				3FA843111CB2374A00C36FAB /* Debug */,
				3FA843121CB2374A00C36FAB /* Release */,
			);
			defaultConfigurationIsVisible = 0;
		};
/* End XCConfigurationList section */
	};
	rootObject = 3FA842F11CB2374A00C36FAB /* Project object */;
}
